
Microsoft Visual Studio Solution File, Format Version 12.00
# Visual Studio Version 17
VisualStudioVersion = 17.2.32616.157
MinimumVisualStudioVersion = 10.0.40219.1
Project("{2150E333-8FDC-42A3-9474-1A3956D46DE8}") = "Solution Items", "Solution Items", "{AF6FC915-9229-4A30-8C86-E52B9380B471}"
	ProjectSection(SolutionItems) = preProject
		Custom.targets = Custom.targets
		..\README.md = ..\README.md
		version.json = version.json
	EndProjectSection
EndProject
Project("{FAE04EC0-301F-11D3-BF4B-00C04F79EFBC}") = "Dragonfly.UmbracoTheming.Core", "Theming.Core\Dragonfly.UmbracoTheming.Core.csproj", "{11F3B0D2-035E-4D5F-921B-9355C8B84537}"
EndProject
Project("{FAE04EC0-301F-11D3-BF4B-00C04F79EFBC}") = "Dragonfly.UmbracoTheming.Web", "Theming.Web\Dragonfly.UmbracoTheming.Web.csproj", "{4506A712-B3FC-48DD-B33C-9460ED8E893C}"
	ProjectSection(ProjectDependencies) = postProject
		{11F3B0D2-035E-4D5F-921B-9355C8B84537} = {11F3B0D2-035E-4D5F-921B-9355C8B84537}
	EndProjectSection
EndProject
Global
	GlobalSection(SolutionConfigurationPlatforms) = preSolution
		Debug|Any CPU = Debug|Any CPU
		Release|Any CPU = Release|Any CPU
	EndGlobalSection
	GlobalSection(ProjectConfigurationPlatforms) = postSolution
		{11F3B0D2-035E-4D5F-921B-9355C8B84537}.Debug|Any CPU.ActiveCfg = Debug|Any CPU
		{11F3B0D2-035E-4D5F-921B-9355C8B84537}.Debug|Any CPU.Build.0 = Debug|Any CPU
		{11F3B0D2-035E-4D5F-921B-9355C8B84537}.Release|Any CPU.ActiveCfg = Release|Any CPU
		{11F3B0D2-035E-4D5F-921B-9355C8B84537}.Release|Any CPU.Build.0 = Release|Any CPU
		{4506A712-B3FC-48DD-B33C-9460ED8E893C}.Debug|Any CPU.ActiveCfg = Debug|Any CPU
		{4506A712-B3FC-48DD-B33C-9460ED8E893C}.Debug|Any CPU.Build.0 = Debug|Any CPU
		{4506A712-B3FC-48DD-B33C-9460ED8E893C}.Release|Any CPU.ActiveCfg = Release|Any CPU
		{4506A712-B3FC-48DD-B33C-9460ED8E893C}.Release|Any CPU.Build.0 = Release|Any CPU
	EndGlobalSection
	GlobalSection(SolutionProperties) = preSolution
		HideSolutionNode = FALSE
	EndGlobalSection
	GlobalSection(ExtensibilityGlobals) = postSolution
		SolutionGuid = {31D22A08-09A1-4FE1-A048-0CBE323E9BF6}
	EndGlobalSection
EndGlobal
